
Microsoft Visual Studio Solution File, Format Version 12.00
# Visual Studio Version 17
VisualStudioVersion = 17.14.36401.2 d17.14
MinimumVisualStudioVersion = 10.0.40219.1
Project("{FAE04EC0-301F-11D3-BF4B-00C04F79EFBC}") = "BikeZone_Store", "BikeZone_Store\BikeZone_Store.csproj", "{171CB19F-8C15-4B41-B9A8-1A882B65708A}"
EndProject
Global
	GlobalSection(SolutionConfigurationPlatforms) = preSolution
		Debug|Any CPU = Debug|Any CPU
		Release|Any CPU = Release|Any CPU
	EndGlobalSection
	GlobalSection(ProjectConfigurationPlatforms) = postSolution
		{171CB19F-8C15-4B41-B9A8-1A882B65708A}.Debug|Any CPU.ActiveCfg = Debug|Any CPU
		{171CB19F-8C15-4B41-B9A8-1A882B65708A}.Debug|Any CPU.Build.0 = Debug|Any CPU
		{171CB19F-8C15-4B41-B9A8-1A882B65708A}.Release|Any CPU.ActiveCfg = Release|Any CPU
		{171CB19F-8C15-4B41-B9A8-1A882B65708A}.Release|Any CPU.Build.0 = Release|Any CPU
	EndGlobalSection
	GlobalSection(SolutionProperties) = preSolution
		HideSolutionNode = FALSE
	EndGlobalSection
	GlobalSection(ExtensibilityGlobals) = postSolution
		SolutionGuid = {86E1E989-D472-457F-85F9-B74F996A0452}
	EndGlobalSection
EndGlobal
